{
  "name": "ubridge-monorepo",
  "version": "0.1.0",
  "lockfileVersion": 3,
  "requires": true,
  "packages": {
    "": {
      "name": "ubridge-monorepo",
      "version": "0.1.0",
      "license": "MIT",
      "workspaces": [
        "packages/*"
      ],
      "dependencies": {
        "ws": "^8.18.0"
      },
      "devDependencies": {
        "@types/node": "^20.17.10",
        "@types/ws": "^8.5.13",
        "typescript": "^5.7.3"
      }
    },
    "node_modules/@types/node": {
      "version": "20.19.43",
      "resolved": "https://registry.npmjs.org/@types/node/-/node-20.19.43.tgz",
      "integrity": "sha512-6oYBAi5ikg4Pl+kGsoYtawUMBT2zZMCvPNF7pVLnHZfd1zf38DRiWn/gT01RYCdUqkv7Fhr+C9ot4/tb+2sVvA==",
      "dev": true,
      "license": "MIT",
      "dependencies": {
        "undici-types": "~6.21.0"
      }
    },
    "node_modules/@types/ws": {
      "version": "8.18.1",
      "resolved": "https://registry.npmjs.org/@types/ws/-/ws-8.18.1.tgz",
      "integrity": "sha512-ThVF6DCVhA8kUGy+aazFQ4kXQ7E1Ty7A3ypFOe0IcJV8O/M511G99AW24irKrW56Wt44yG9+ij8FaqoBGkuBXg==",
      "dev": true,
      "license": "MIT",
      "dependencies": {
        "@types/node": "*"
      }
    },
    "node_modules/@ubridge/browser": {
      "resolved": "packages/browser",
      "link": true
    },
    "node_modules/@ubridge/client": {
      "resolved": "packages/client",
      "link": true
    },
    "node_modules/@ubridge/core": {
      "resolved": "packages/core",
      "link": true
    },
    "node_modules/@ubridge/crypto": {
      "resolved": "packages/crypto",
      "link": true
    },
    "node_modules/@ubridge/discovery": {
      "resolved": "packages/discovery",
      "link": true
    },
    "node_modules/@ubridge/file": {
      "resolved": "packages/file",
      "link": true
    },
    "node_modules/@ubridge/node": {
      "resolved": "packages/node",
      "link": true
    },
    "node_modules/@ubridge/presence": {
      "resolved": "packages/presence",
      "link": true
    },
    "node_modules/@ubridge/protocol": {
      "resolved": "packages/protocol",
      "link": true
    },
    "node_modules/@ubridge/queue": {
      "resolved": "packages/queue",
      "link": true
    },
    "node_modules/@ubridge/relay": {
      "resolved": "packages/relay",
      "link": true
    },
    "node_modules/@ubridge/sync": {
      "resolved": "packages/sync",
      "link": true
    },
    "node_modules/@ubridge/transport": {
      "resolved": "packages/transport",
      "link": true
    },
    "node_modules/@ubridge/voice": {
      "resolved": "packages/voice",
      "link": true
    },
    "node_modules/typescript": {
      "version": "5.9.3",
      "resolved": "https://registry.npmjs.org/typescript/-/typescript-5.9.3.tgz",
      "integrity": "sha512-jl1vZzPDinLr9eUt3J/t7V6FgNEw9QjvBPdysz9KfQDD41fQrC2Y4vKQdiaUpFT4bXlb1RHhLpp8wtm6M5TgSw==",
      "dev": true,
      "license": "Apache-2.0",
      "bin": {
        "tsc": "bin/tsc",
        "tsserver": "bin/tsserver"
      },
      "engines": {
        "node": ">=14.17"
      }
    },
    "node_modules/undici-types": {
      "version": "6.21.0",
      "resolved": "https://registry.npmjs.org/undici-types/-/undici-types-6.21.0.tgz",
      "integrity": "sha512-iwDZqg0QAGrg9Rav5H4n0M64c3mkR59cJ6wQp+7C4nI0gsmExaedaYLNO44eT4AtBBwjbTiGPMlt2Md0T9H9JQ==",
      "dev": true,
      "license": "MIT"
    },
    "node_modules/ws": {
      "version": "8.21.1",
      "resolved": "https://registry.npmjs.org/ws/-/ws-8.21.1.tgz",
      "integrity": "sha512-+0NTnW77fFN/DjQi6k/Sq/Yvk4Sgajw7urW8V+asjXnRgDs9gyGkdb7EzgfhA4goXsRIZKE28fzIXBHEzhuiWw==",
      "license": "MIT",
      "engines": {
        "node": ">=10.0.0"
      },
      "peerDependencies": {
        "bufferutil": "^4.0.1",
        "utf-8-validate": ">=5.0.2"
      },
      "peerDependenciesMeta": {
        "bufferutil": {
          "optional": true
        },
        "utf-8-validate": {
          "optional": true
        }
      }
    },
    "packages/browser": {
      "name": "@ubridge/browser",
      "version": "0.1.0",
      "license": "MIT",
      "dependencies": {
        "@ubridge/client": "0.1.0"
      }
    },
    "packages/client": {
      "name": "@ubridge/client",
      "version": "0.1.0",
      "license": "MIT",
      "dependencies": {
        "@ubridge/core": "0.1.0",
        "@ubridge/crypto": "0.1.0",
        "@ubridge/protocol": "0.1.0",
        "@ubridge/transport": "0.1.0"
      }
    },
    "packages/core": {
      "name": "@ubridge/core",
      "version": "0.1.0",
      "license": "MIT"
    },
    "packages/crypto": {
      "name": "@ubridge/crypto",
      "version": "0.1.0",
      "license": "MIT",
      "dependencies": {
        "@ubridge/core": "0.1.0"
      }
    },
    "packages/discovery": {
      "name": "@ubridge/discovery",
      "version": "0.1.0",
      "license": "MIT",
      "dependencies": {
        "@ubridge/core": "0.1.0",
        "@ubridge/protocol": "0.1.0"
      }
    },
    "packages/file": {
      "name": "@ubridge/file",
      "version": "0.1.0",
      "license": "MIT",
      "dependencies": {
        "@ubridge/core": "0.1.0",
        "@ubridge/crypto": "0.1.0",
        "@ubridge/protocol": "0.1.0"
      }
    },
    "packages/node": {
      "name": "@ubridge/node",
      "version": "0.1.0",
      "license": "MIT",
      "dependencies": {
        "@ubridge/client": "0.1.0",
        "ws": "^8.18.0"
      }
    },
    "packages/presence": {
      "name": "@ubridge/presence",
      "version": "0.1.0",
      "license": "MIT",
      "dependencies": {
        "@ubridge/core": "0.1.0",
        "@ubridge/protocol": "0.1.0"
      }
    },
    "packages/protocol": {
      "name": "@ubridge/protocol",
      "version": "0.1.0",
      "license": "MIT",
      "dependencies": {
        "@ubridge/core": "0.1.0"
      }
    },
    "packages/queue": {
      "name": "@ubridge/queue",
      "version": "0.1.0",
      "license": "MIT",
      "dependencies": {
        "@ubridge/core": "0.1.0"
      }
    },
    "packages/relay": {
      "name": "@ubridge/relay",
      "version": "0.1.0",
      "license": "MIT",
      "dependencies": {
        "@ubridge/core": "0.1.0",
        "@ubridge/protocol": "0.1.0",
        "ws": "^8.18.0"
      }
    },
    "packages/sync": {
      "name": "@ubridge/sync",
      "version": "0.1.0",
      "license": "MIT",
      "dependencies": {
        "@ubridge/core": "0.1.0"
      }
    },
    "packages/transport": {
      "name": "@ubridge/transport",
      "version": "0.1.0",
      "license": "MIT",
      "dependencies": {
        "@ubridge/core": "0.1.0",
        "@ubridge/protocol": "0.1.0"
      }
    },
    "packages/voice": {
      "name": "@ubridge/voice",
      "version": "0.1.0",
      "license": "MIT",
      "dependencies": {
        "@ubridge/core": "0.1.0",
        "@ubridge/protocol": "0.1.0"
      }
    }
  }
}
