{
  "name": "ubridge-monorepo",
  "version": "0.1.0",
  "lockfileVersion": 3,
  "requires": true,
  "packages": {
    "": {
      "name": "ubridge-monorepo",
      "version": "0.1.0",
      "license": "MIT",
      "workspaces": [
        "packages/*"
      ],
      "devDependencies": {
        "typescript": "^5.7.3"
      }
    },
    "node_modules/@ubridge/browser": {
      "resolved": "packages/browser",
      "link": true
    },
    "node_modules/@ubridge/client": {
      "resolved": "packages/client",
      "link": true
    },
    "node_modules/@ubridge/core": {
      "resolved": "packages/core",
      "link": true
    },
    "node_modules/@ubridge/crypto": {
      "resolved": "packages/crypto",
      "link": true
    },
    "node_modules/@ubridge/node": {
      "resolved": "packages/node",
      "link": true
    },
    "node_modules/@ubridge/protocol": {
      "resolved": "packages/protocol",
      "link": true
    },
    "node_modules/@ubridge/relay": {
      "resolved": "packages/relay",
      "link": true
    },
    "node_modules/@ubridge/transport": {
      "resolved": "packages/transport",
      "link": true
    },
    "node_modules/typescript": {
      "version": "5.9.3",
      "resolved": "https://registry.npmjs.org/typescript/-/typescript-5.9.3.tgz",
      "integrity": "sha512-jl1vZzPDinLr9eUt3J/t7V6FgNEw9QjvBPdysz9KfQDD41fQrC2Y4vKQdiaUpFT4bXlb1RHhLpp8wtm6M5TgSw==",
      "dev": true,
      "license": "Apache-2.0",
      "bin": {
        "tsc": "bin/tsc",
        "tsserver": "bin/tsserver"
      },
      "engines": {
        "node": ">=14.17"
      }
    },
    "packages/browser": {
      "name": "@ubridge/browser",
      "version": "0.1.0",
      "license": "MIT",
      "dependencies": {
        "@ubridge/client": "0.1.0"
      }
    },
    "packages/client": {
      "name": "@ubridge/client",
      "version": "0.1.0",
      "license": "MIT",
      "dependencies": {
        "@ubridge/core": "0.1.0",
        "@ubridge/crypto": "0.1.0",
        "@ubridge/protocol": "0.1.0",
        "@ubridge/transport": "0.1.0"
      }
    },
    "packages/core": {
      "name": "@ubridge/core",
      "version": "0.1.0",
      "license": "MIT"
    },
    "packages/crypto": {
      "name": "@ubridge/crypto",
      "version": "0.1.0",
      "license": "MIT",
      "dependencies": {
        "@ubridge/core": "0.1.0"
      }
    },
    "packages/node": {
      "name": "@ubridge/node",
      "version": "0.1.0",
      "license": "MIT",
      "dependencies": {
        "@ubridge/client": "0.1.0"
      }
    },
    "packages/protocol": {
      "name": "@ubridge/protocol",
      "version": "0.1.0",
      "license": "MIT",
      "dependencies": {
        "@ubridge/core": "0.1.0"
      }
    },
    "packages/relay": {
      "name": "@ubridge/relay",
      "version": "0.1.0",
      "license": "MIT",
      "dependencies": {
        "@ubridge/core": "0.1.0",
        "@ubridge/protocol": "0.1.0"
      }
    },
    "packages/transport": {
      "name": "@ubridge/transport",
      "version": "0.1.0",
      "license": "MIT",
      "dependencies": {
        "@ubridge/core": "0.1.0",
        "@ubridge/protocol": "0.1.0"
      }
    }
  }
}
